
Microsoft Visual Studio Solution File, Format Version 12.00
# Visual Studio Version 17
VisualStudioVersion = 17.6.33723.286
MinimumVisualStudioVersion = 10.0.40219.1
Project("{FAE04EC0-301F-11D3-BF4B-00C04F79EFBC}") = "CalculatorApp", "CalculatorApp.csproj", "{179F0C7A-B7E9-4C01-BEF5-285FDE0AC520}"
EndProject
Global
	GlobalSection(SolutionConfigurationPlatforms) = preSolution
		Debug|Any CPU = Debug|Any CPU
		Release|Any CPU = Release|Any CPU
	EndGlobalSection
	GlobalSection(ProjectConfigurationPlatforms) = postSolution
		{179F0C7A-B7E9-4C01-BEF5-285FDE0AC520}.Debug|Any CPU.ActiveCfg = Debug|Any CPU
		{179F0C7A-B7E9-4C01-BEF5-285FDE0AC520}.Debug|Any CPU.Build.0 = Debug|Any CPU
		{179F0C7A-B7E9-4C01-BEF5-285FDE0AC520}.Release|Any CPU.ActiveCfg = Release|Any CPU
		{179F0C7A-B7E9-4C01-BEF5-285FDE0AC520}.Release|Any CPU.Build.0 = Release|Any CPU
	EndGlobalSection
	GlobalSection(SolutionProperties) = preSolution
		HideSolutionNode = FALSE
	EndGlobalSection
	GlobalSection(ExtensibilityGlobals) = postSolution
		SolutionGuid = {2E6CCEE4-D1CA-4E2A-A436-4BD82DAE4017}
	EndGlobalSection
EndGlobal
